
Microsoft Visual Studio Solution File, Format Version 12.00
# Visual Studio 15
VisualStudioVersion = 15.0.28307.1340
MinimumVisualStudioVersion = 10.0.40219.1
Project("{FAE04EC0-301F-11D3-BF4B-00C04F79EFBC}") = "LOG430-VI", "LOG430-VI.csproj", "{B16465F2-CBB8-4E50-9C30-742CF4D57B66}"
EndProject
Global
	GlobalSection(SolutionConfigurationPlatforms) = preSolution
		Debug|Any CPU = Debug|Any CPU
		Release|Any CPU = Release|Any CPU
	EndGlobalSection
	GlobalSection(ProjectConfigurationPlatforms) = postSolution
		{B16465F2-CBB8-4E50-9C30-742CF4D57B66}.Debug|Any CPU.ActiveCfg = Debug|Any CPU
		{B16465F2-CBB8-4E50-9C30-742CF4D57B66}.Debug|Any CPU.Build.0 = Debug|Any CPU
		{B16465F2-CBB8-4E50-9C30-742CF4D57B66}.Release|Any CPU.ActiveCfg = Release|Any CPU
		{B16465F2-CBB8-4E50-9C30-742CF4D57B66}.Release|Any CPU.Build.0 = Release|Any CPU
	EndGlobalSection
	GlobalSection(SolutionProperties) = preSolution
		HideSolutionNode = FALSE
	EndGlobalSection
	GlobalSection(ExtensibilityGlobals) = postSolution
		SolutionGuid = {C953C4DB-F080-46B2-9472-93D6BEB6A13B}
	EndGlobalSection
EndGlobal
